// !$*UTF8*$!
{
	archiveVersion = 1;
	classes = {
	};
	objectVersion = 46;
	objects = {

/* Begin PBXBuildFile section */
		413E01561D89B7700097D149 /* Router.swift in Sources */ = {isa = PBXBuildFile; fileRef = 413E01551D89B7700097D149 /* Router.swift */; };
		416867B81D89913400101D4A /* AppDelegate.swift in Sources */ = {isa = PBXBuildFile; fileRef = 416867B71D89913400101D4A /* AppDelegate.swift */; };
		416867BA1D89913400101D4A /* ViewController.swift in Sources */ = {isa = PBXBuildFile; fileRef = 416867B91D89913400101D4A /* ViewController.swift */; };
		416867BD1D89913400101D4A /* Main.storyboard in Resources */ = {isa = PBXBuildFile; fileRef = 416867BB1D89913400101D4A /* Main.storyboard */; };
		416867BF1D89913400101D4A /* Assets.xcassets in Resources */ = {isa = PBXBuildFile; fileRef = 416867BE1D89913400101D4A /* Assets.xcassets */; };
		416867C21D89913400101D4A /* LaunchScreen.storyboard in Resources */ = {isa = PBXBuildFile; fileRef = 416867C01D89913400101D4A /* LaunchScreen.storyboard */; };
		4182F8531D8A389C001B3D12 /* MemberCell.xib in Resources */ = {isa = PBXBuildFile; fileRef = 4182F8521D8A389C001B3D12 /* MemberCell.xib */; };
		418F0F6A1D8B862D004B9F5F /* UIAlertController+Issho.swift in Sources */ = {isa = PBXBuildFile; fileRef = 418F0F691D8B862D004B9F5F /* UIAlertController+Issho.swift */; };
		419A87CE1D8A2E2B00840928 /* GroupManager.swift in Sources */ = {isa = PBXBuildFile; fileRef = 419A87CD1D8A2E2B00840928 /* GroupManager.swift */; };
		419A87D01D8A373100840928 /* MemberCell.swift in Sources */ = {isa = PBXBuildFile; fileRef = 419A87CF1D8A373100840928 /* MemberCell.swift */; };
		41AF3C191D8B22AD005F3646 /* (null) in Sources */ = {isa = PBXBuildFile; };
		41BC9E791D8A84B800EA1F8B /* UIColor+MyColor.swift in Sources */ = {isa = PBXBuildFile; fileRef = 41BC9E781D8A84B800EA1F8B /* UIColor+MyColor.swift */; };
		41BC9E7F1D8AD91800EA1F8B /* CookSelectViewController.swift in Sources */ = {isa = PBXBuildFile; fileRef = 41BC9E7E1D8AD91800EA1F8B /* CookSelectViewController.swift */; };
		41BC9E811D8AD92900EA1F8B /* CookCell.swift in Sources */ = {isa = PBXBuildFile; fileRef = 41BC9E801D8AD92900EA1F8B /* CookCell.swift */; };
		41BE40AE1D89A4AA00A33495 /* FriendCell.swift in Sources */ = {isa = PBXBuildFile; fileRef = 41BE40AD1D89A4AA00A33495 /* FriendCell.swift */; };
		BCCB0E6D1F90748EE15F47E4 /* Pods_IsshoMeshi.framework in Frameworks */ = {isa = PBXBuildFile; fileRef = F9319561F68514F9642B0E7A /* Pods_IsshoMeshi.framework */; };
/* End PBXBuildFile section */

/* Begin PBXFileReference section */
		413E01551D89B7700097D149 /* Router.swift */ = {isa = PBXFileReference; fileEncoding = 4; lastKnownFileType = sourcecode.swift; path = Router.swift; sourceTree = "<group>"; };
		416867B41D89913400101D4A /* IsshoMeshi.app */ = {isa = PBXFileReference; explicitFileType = wrapper.application; includeInIndex = 0; path = IsshoMeshi.app; sourceTree = BUILT_PRODUCTS_DIR; };
		416867B71D89913400101D4A /* AppDelegate.swift */ = {isa = PBXFileReference; lastKnownFileType = sourcecode.swift; path = AppDelegate.swift; sourceTree = "<group>"; };
		416867B91D89913400101D4A /* ViewController.swift */ = {isa = PBXFileReference; lastKnownFileType = sourcecode.swift; path = ViewController.swift; sourceTree = "<group>"; };
		416867BC1D89913400101D4A /* Base */ = {isa = PBXFileReference; lastKnownFileType = file.storyboard; name = Base; path = Base.lproj/Main.storyboard; sourceTree = "<group>"; };
		416867BE1D89913400101D4A /* Assets.xcassets */ = {isa = PBXFileReference; lastKnownFileType = folder.assetcatalog; path = Assets.xcassets; sourceTree = "<group>"; };
		416867C11D89913400101D4A /* Base */ = {isa = PBXFileReference; lastKnownFileType = file.storyboard; name = Base; path = Base.lproj/LaunchScreen.storyboard; sourceTree = "<group>"; };
		416867C31D89913400101D4A /* Info.plist */ = {isa = PBXFileReference; lastKnownFileType = text.plist.xml; path = Info.plist; sourceTree = "<group>"; };
		4182F8521D8A389C001B3D12 /* MemberCell.xib */ = {isa = PBXFileReference; fileEncoding = 4; lastKnownFileType = file.xib; path = MemberCell.xib; sourceTree = "<group>"; };
		418F0F691D8B862D004B9F5F /* UIAlertController+Issho.swift */ = {isa = PBXFileReference; fileEncoding = 4; lastKnownFileType = sourcecode.swift; path = "UIAlertController+Issho.swift"; sourceTree = "<group>"; };
		419A87CD1D8A2E2B00840928 /* GroupManager.swift */ = {isa = PBXFileReference; fileEncoding = 4; lastKnownFileType = sourcecode.swift; path = GroupManager.swift; sourceTree = "<group>"; };
		419A87CF1D8A373100840928 /* MemberCell.swift */ = {isa = PBXFileReference; fileEncoding = 4; lastKnownFileType = sourcecode.swift; path = MemberCell.swift; sourceTree = "<group>"; };
		41BC9E781D8A84B800EA1F8B /* UIColor+MyColor.swift */ = {isa = PBXFileReference; fileEncoding = 4; lastKnownFileType = sourcecode.swift; path = "UIColor+MyColor.swift"; sourceTree = "<group>"; };
		41BC9E7E1D8AD91800EA1F8B /* CookSelectViewController.swift */ = {isa = PBXFileReference; fileEncoding = 4; lastKnownFileType = sourcecode.swift; path = CookSelectViewController.swift; sourceTree = "<group>"; };
		41BC9E801D8AD92900EA1F8B /* CookCell.swift */ = {isa = PBXFileReference; fileEncoding = 4; lastKnownFileType = sourcecode.swift; path = CookCell.swift; sourceTree = "<group>"; };
		41BE40AD1D89A4AA00A33495 /* FriendCell.swift */ = {isa = PBXFileReference; fileEncoding = 4; lastKnownFileType = sourcecode.swift; path = FriendCell.swift; sourceTree = "<group>"; };
		7423530DE51A0163469C8D5C /* Pods-IsshoMeshi.release.xcconfig */ = {isa = PBXFileReference; includeInIndex = 1; lastKnownFileType = text.xcconfig; name = "Pods-IsshoMeshi.release.xcconfig"; path = "Pods/Target Support Files/Pods-IsshoMeshi/Pods-IsshoMeshi.release.xcconfig"; sourceTree = "<group>"; };
		E8607BFB9A0D3751794EACB6 /* Pods-IsshoMeshi.debug.xcconfig */ = {isa = PBXFileReference; includeInIndex = 1; lastKnownFileType = text.xcconfig; name = "Pods-IsshoMeshi.debug.xcconfig"; path = "Pods/Target Support Files/Pods-IsshoMeshi/Pods-IsshoMeshi.debug.xcconfig"; sourceTree = "<group>"; };
		F9319561F68514F9642B0E7A /* Pods_IsshoMeshi.framework */ = {isa = PBXFileReference; explicitFileType = wrapper.framework; includeInIndex = 0; path = Pods_IsshoMeshi.framework; sourceTree = BUILT_PRODUCTS_DIR; };
/* End PBXFileReference section */

/* Begin PBXFrameworksBuildPhase section */
		416867B11D89913400101D4A /* Frameworks */ = {
			isa = PBXFrameworksBuildPhase;
			buildActionMask = 2147483647;
			files = (
				BCCB0E6D1F90748EE15F47E4 /* Pods_IsshoMeshi.framework in Frameworks */,
			);
			runOnlyForDeploymentPostprocessing = 0;
		};
/* End PBXFrameworksBuildPhase section */

/* Begin PBXGroup section */
		413E292C1D89983D000E55AE /* viewcontrollers */ = {
			isa = PBXGroup;
			children = (
				416867B91D89913400101D4A /* ViewController.swift */,
				41BC9E7E1D8AD91800EA1F8B /* CookSelectViewController.swift */,
				419A87CD1D8A2E2B00840928 /* GroupManager.swift */,
			);
			name = viewcontrollers;
			sourceTree = "<group>";
		};
		413E292D1D899849000E55AE /* views */ = {
			isa = PBXGroup;
			children = (
				41BE40AD1D89A4AA00A33495 /* FriendCell.swift */,
				419A87CF1D8A373100840928 /* MemberCell.swift */,
				41BC9E801D8AD92900EA1F8B /* CookCell.swift */,
			);
			name = views;
			sourceTree = "<group>";
		};
		413E292E1D899865000E55AE /* config */ = {
			isa = PBXGroup;
			children = (
				416867B71D89913400101D4A /* AppDelegate.swift */,
				416867C01D89913400101D4A /* LaunchScreen.storyboard */,
				416867C31D89913400101D4A /* Info.plist */,
				416867BE1D89913400101D4A /* Assets.xcassets */,
			);
			name = config;
			sourceTree = "<group>";
		};
		413E292F1D899870000E55AE /* services */ = {
			isa = PBXGroup;
			children = (
				413E01551D89B7700097D149 /* Router.swift */,
			);
			name = services;
			sourceTree = "<group>";
		};
		416867AB1D89913400101D4A = {
			isa = PBXGroup;
			children = (
				416867B61D89913400101D4A /* IsshoMeshi */,
				416867B51D89913400101D4A /* Products */,
				EC65A71E2ED1671A619E981F /* Pods */,
				F350803CAE9E5AC22B9BBDD9 /* Frameworks */,
			);
			sourceTree = "<group>";
		};
		416867B51D89913400101D4A /* Products */ = {
			isa = PBXGroup;
			children = (
				416867B41D89913400101D4A /* IsshoMeshi.app */,
			);
			name = Products;
			sourceTree = "<group>";
		};
		416867B61D89913400101D4A /* IsshoMeshi */ = {
			isa = PBXGroup;
			children = (
				416867BB1D89913400101D4A /* Main.storyboard */,
				4182F8521D8A389C001B3D12 /* MemberCell.xib */,
				413E292C1D89983D000E55AE /* viewcontrollers */,
				413E292D1D899849000E55AE /* views */,
				413E292F1D899870000E55AE /* services */,
				41BC9E771D8A848A00EA1F8B /* extention */,
				413E292E1D899865000E55AE /* config */,
			);
			path = IsshoMeshi;
			sourceTree = "<group>";
		};
		41BC9E771D8A848A00EA1F8B /* extention */ = {
			isa = PBXGroup;
			children = (
				41BC9E781D8A84B800EA1F8B /* UIColor+MyColor.swift */,
				418F0F691D8B862D004B9F5F /* UIAlertController+Issho.swift */,
			);
			name = extention;
			sourceTree = "<group>";
		};
		EC65A71E2ED1671A619E981F /* Pods */ = {
			isa = PBXGroup;
			children = (
				E8607BFB9A0D3751794EACB6 /* Pods-IsshoMeshi.debug.xcconfig */,
				7423530DE51A0163469C8D5C /* Pods-IsshoMeshi.release.xcconfig */,
			);
			name = Pods;
			sourceTree = "<group>";
		};
		F350803CAE9E5AC22B9BBDD9 /* Frameworks */ = {
			isa = PBXGroup;
			children = (
				F9319561F68514F9642B0E7A /* Pods_IsshoMeshi.framework */,
			);
			name = Frameworks;
			sourceTree = "<group>";
		};
/* End PBXGroup section */

/* Begin PBXNativeTarget section */
		416867B31D89913400101D4A /* IsshoMeshi */ = {
			isa = PBXNativeTarget;
			buildConfigurationList = 416867C61D89913400101D4A /* Build configuration list for PBXNativeTarget "IsshoMeshi" */;
			buildPhases = (
				47F4F3F16DA458505F9769AA /* [CP] Check Pods Manifest.lock */,
				416867B01D89913400101D4A /* Sources */,
				416867B11D89913400101D4A /* Frameworks */,
				416867B21D89913400101D4A /* Resources */,
				35C93F4B4AAEB40FC357285E /* [CP] Embed Pods Frameworks */,
				63766BDF58C27C6326EC9540 /* [CP] Copy Pods Resources */,
			);
			buildRules = (
			);
			dependencies = (
			);
			name = IsshoMeshi;
			productName = IsshoMeshi;
			productReference = 416867B41D89913400101D4A /* IsshoMeshi.app */;
			productType = "com.apple.product-type.application";
		};
/* End PBXNativeTarget section */

/* Begin PBXProject section */
		416867AC1D89913400101D4A /* Project object */ = {
			isa = PBXProject;
			attributes = {
				LastSwiftUpdateCheck = 0730;
				LastUpgradeCheck = 0730;
				ORGANIZATIONNAME = teame;
				TargetAttributes = {
					416867B31D89913400101D4A = {
						CreatedOnToolsVersion = 7.3.1;
					};
				};
			};
			buildConfigurationList = 416867AF1D89913400101D4A /* Build configuration list for PBXProject "IsshoMeshi" */;
			compatibilityVersion = "Xcode 3.2";
			developmentRegion = English;
			hasScannedForEncodings = 0;
			knownRegions = (
				en,
				Base,
			);
			mainGroup = 416867AB1D89913400101D4A;
			productRefGroup = 416867B51D89913400101D4A /* Products */;
			projectDirPath = "";
			projectRoot = "";
			targets = (
				416867B31D89913400101D4A /* IsshoMeshi */,
			);
		};
/* End PBXProject section */

/* Begin PBXResourcesBuildPhase section */
		416867B21D89913400101D4A /* Resources */ = {
			isa = PBXResourcesBuildPhase;
			buildActionMask = 2147483647;
			files = (
				416867C21D89913400101D4A /* LaunchScreen.storyboard in Resources */,
				416867BF1D89913400101D4A /* Assets.xcassets in Resources */,
				416867BD1D89913400101D4A /* Main.storyboard in Resources */,
				4182F8531D8A389C001B3D12 /* MemberCell.xib in Resources */,
			);
			runOnlyForDeploymentPostprocessing = 0;
		};
/* End PBXResourcesBuildPhase section */

/* Begin PBXShellScriptBuildPhase section */
		35C93F4B4AAEB40FC357285E /* [CP] Embed Pods Frameworks */ = {
			isa = PBXShellScriptBuildPhase;
			buildActionMask = 2147483647;
			files = (
			);
			inputPaths = (
			);
			name = "[CP] Embed Pods Frameworks";
			outputPaths = (
			);
			runOnlyForDeploymentPostprocessing = 0;
			shellPath = /bin/sh;
			shellScript = "\"${SRCROOT}/Pods/Target Support Files/Pods-IsshoMeshi/Pods-IsshoMeshi-frameworks.sh\"\n";
			showEnvVarsInLog = 0;
		};
		47F4F3F16DA458505F9769AA /* [CP] Check Pods Manifest.lock */ = {
			isa = PBXShellScriptBuildPhase;
			buildActionMask = 2147483647;
			files = (
			);
			inputPaths = (
			);
			name = "[CP] Check Pods Manifest.lock";
			outputPaths = (
			);
			runOnlyForDeploymentPostprocessing = 0;
			shellPath = /bin/sh;
			shellScript = "diff \"${PODS_ROOT}/../Podfile.lock\" \"${PODS_ROOT}/Manifest.lock\" > /dev/null\nif [[ $? != 0 ]] ; then\n    cat << EOM\nerror: The sandbox is not in sync with the Podfile.lock. Run 'pod install' or update your CocoaPods installation.\nEOM\n    exit 1\nfi\n";
			showEnvVarsInLog = 0;
		};
		63766BDF58C27C6326EC9540 /* [CP] Copy Pods Resources */ = {
			isa = PBXShellScriptBuildPhase;
			buildActionMask = 2147483647;
			files = (
			);
			inputPaths = (
			);
			name = "[CP] Copy Pods Resources";
			outputPaths = (
			);
			runOnlyForDeploymentPostprocessing = 0;
			shellPath = /bin/sh;
			shellScript = "\"${SRCROOT}/Pods/Target Support Files/Pods-IsshoMeshi/Pods-IsshoMeshi-resources.sh\"\n";
			showEnvVarsInLog = 0;
		};
/* End PBXShellScriptBuildPhase section */

/* Begin PBXSourcesBuildPhase section */
		416867B01D89913400101D4A /* Sources */ = {
			isa = PBXSourcesBuildPhase;
			buildActionMask = 2147483647;
			files = (
				413E01561D89B7700097D149 /* Router.swift in Sources */,
				419A87D01D8A373100840928 /* MemberCell.swift in Sources */,
				41AF3C191D8B22AD005F3646 /* (null) in Sources */,
				41BC9E791D8A84B800EA1F8B /* UIColor+MyColor.swift in Sources */,
				41BC9E811D8AD92900EA1F8B /* CookCell.swift in Sources */,
				416867BA1D89913400101D4A /* ViewController.swift in Sources */,
				41BC9E7F1D8AD91800EA1F8B /* CookSelectViewController.swift in Sources */,
				416867B81D89913400101D4A /* AppDelegate.swift in Sources */,
				41BE40AE1D89A4AA00A33495 /* FriendCell.swift in Sources */,
				418F0F6A1D8B862D004B9F5F /* UIAlertController+Issho.swift in Sources */,
				419A87CE1D8A2E2B00840928 /* GroupManager.swift in Sources */,
			);
			runOnlyForDeploymentPostprocessing = 0;
		};
/* End PBXSourcesBuildPhase section */

/* Begin PBXVariantGroup section */
		416867BB1D89913400101D4A /* Main.storyboard */ = {
			isa = PBXVariantGroup;
			children = (
				416867BC1D89913400101D4A /* Base */,
			);
			name = Main.storyboard;
			sourceTree = "<group>";
		};
		416867C01D89913400101D4A /* LaunchScreen.storyboard */ = {
			isa = PBXVariantGroup;
			children = (
				416867C11D89913400101D4A /* Base */,
			);
			name = LaunchScreen.storyboard;
			sourceTree = "<group>";
		};
/* End PBXVariantGroup section */

/* Begin XCBuildConfiguration section */
		416867C41D89913400101D4A /* Debug */ = {
			isa = XCBuildConfiguration;
			buildSettings = {
				ALWAYS_SEARCH_USER_PATHS = NO;
				CLANG_ANALYZER_NONNULL = YES;
				CLANG_CXX_LANGUAGE_STANDARD = "gnu++0x";
				CLANG_CXX_LIBRARY = "libc++";
				CLANG_ENABLE_MODULES = YES;
				CLANG_ENABLE_OBJC_ARC = YES;
				CLANG_WARN_BOOL_CONVERSION = YES;
				CLANG_WARN_CONSTANT_CONVERSION = YES;
				CLANG_WARN_DIRECT_OBJC_ISA_USAGE = YES_ERROR;
				CLANG_WARN_EMPTY_BODY = YES;
				CLANG_WARN_ENUM_CONVERSION = YES;
				CLANG_WARN_INT_CONVERSION = YES;
				CLANG_WARN_OBJC_ROOT_CLASS = YES_ERROR;
				CLANG_WARN_UNREACHABLE_CODE = YES;
				CLANG_WARN__DUPLICATE_METHOD_MATCH = YES;
				"CODE_SIGN_IDENTITY[sdk=iphoneos*]" = "iPhone Developer";
				COPY_PHASE_STRIP = NO;
				DEBUG_INFORMATION_FORMAT = dwarf;
				ENABLE_STRICT_OBJC_MSGSEND = YES;
				ENABLE_TESTABILITY = YES;
				GCC_C_LANGUAGE_STANDARD = gnu99;
				GCC_DYNAMIC_NO_PIC = NO;
				GCC_NO_COMMON_BLOCKS = YES;
				GCC_OPTIMIZATION_LEVEL = 0;
				GCC_PREPROCESSOR_DEFINITIONS = (
					"DEBUG=1",
					"$(inherited)",
				);
				GCC_WARN_64_TO_32_BIT_CONVERSION = YES;
				GCC_WARN_ABOUT_RETURN_TYPE = YES_ERROR;
				GCC_WARN_UNDECLARED_SELECTOR = YES;
				GCC_WARN_UNINITIALIZED_AUTOS = YES_AGGRESSIVE;
				GCC_WARN_UNUSED_FUNCTION = YES;
				GCC_WARN_UNUSED_VARIABLE = YES;
				IPHONEOS_DEPLOYMENT_TARGET = 9.3;
				MTL_ENABLE_DEBUG_INFO = YES;
				ONLY_ACTIVE_ARCH = YES;
				SDKROOT = iphoneos;
				SWIFT_OPTIMIZATION_LEVEL = "-Onone";
			};
			name = Debug;
		};
		416867C51D89913400101D4A /* Release */ = {
			isa = XCBuildConfiguration;
			buildSettings = {
				ALWAYS_SEARCH_USER_PATHS = NO;
				CLANG_ANALYZER_NONNULL = YES;
				CLANG_CXX_LANGUAGE_STANDARD = "gnu++0x";
				CLANG_CXX_LIBRARY = "libc++";
				CLANG_ENABLE_MODULES = YES;
				CLANG_ENABLE_OBJC_ARC = YES;
				CLANG_WARN_BOOL_CONVERSION = YES;
				CLANG_WARN_CONSTANT_CONVERSION = YES;
				CLANG_WARN_DIRECT_OBJC_ISA_USAGE = YES_ERROR;
				CLANG_WARN_EMPTY_BODY = YES;
				CLANG_WARN_ENUM_CONVERSION = YES;
				CLANG_WARN_INT_CONVERSION = YES;
				CLANG_WARN_OBJC_ROOT_CLASS = YES_ERROR;
				CLANG_WARN_UNREACHABLE_CODE = YES;
				CLANG_WARN__DUPLICATE_METHOD_MATCH = YES;
				"CODE_SIGN_IDENTITY[sdk=iphoneos*]" = "iPhone Developer";
				COPY_PHASE_STRIP = NO;
				DEBUG_INFORMATION_FORMAT = "dwarf-with-dsym";
				ENABLE_NS_ASSERTIONS = NO;
				ENABLE_STRICT_OBJC_MSGSEND = YES;
				GCC_C_LANGUAGE_STANDARD = gnu99;
				GCC_NO_COMMON_BLOCKS = YES;
				GCC_WARN_64_TO_32_BIT_CONVERSION = YES;
				GCC_WARN_ABOUT_RETURN_TYPE = YES_ERROR;
				GCC_WARN_UNDECLARED_SELECTOR = YES;
				GCC_WARN_UNINITIALIZED_AUTOS = YES_AGGRESSIVE;
				GCC_WARN_UNUSED_FUNCTION = YES;
				GCC_WARN_UNUSED_VARIABLE = YES;
				IPHONEOS_DEPLOYMENT_TARGET = 9.3;
				MTL_ENABLE_DEBUG_INFO = NO;
				SDKROOT = iphoneos;
				VALIDATE_PRODUCT = YES;
			};
			name = Release;
		};
		416867C71D89913400101D4A /* Debug */ = {
			isa = XCBuildConfiguration;
			baseConfigurationReference = E8607BFB9A0D3751794EACB6 /* Pods-IsshoMeshi.debug.xcconfig */;
			buildSettings = {
				ASSETCATALOG_COMPILER_APPICON_NAME = AppIcon;
				INFOPLIST_FILE = IsshoMeshi/Info.plist;
				LD_RUNPATH_SEARCH_PATHS = "$(inherited) @executable_path/Frameworks";
				PRODUCT_BUNDLE_IDENTIFIER = teame.IsshoMeshi;
				PRODUCT_NAME = "$(TARGET_NAME)";
				SWIFT_VERSION = 2.3;
			};
			name = Debug;
		};
		416867C81D89913400101D4A /* Release */ = {
			isa = XCBuildConfiguration;
			baseConfigurationReference = 7423530DE51A0163469C8D5C /* Pods-IsshoMeshi.release.xcconfig */;
			buildSettings = {
				ASSETCATALOG_COMPILER_APPICON_NAME = AppIcon;
				INFOPLIST_FILE = IsshoMeshi/Info.plist;
				LD_RUNPATH_SEARCH_PATHS = "$(inherited) @executable_path/Frameworks";
				PRODUCT_BUNDLE_IDENTIFIER = teame.IsshoMeshi;
				PRODUCT_NAME = "$(TARGET_NAME)";
				SWIFT_VERSION = 2.3;
			};
			name = Release;
		};
/* End XCBuildConfiguration section */

/* Begin XCConfigurationList section */
		416867AF1D89913400101D4A /* Build configuration list for PBXProject "IsshoMeshi" */ = {
			isa = XCConfigurationList;
			buildConfigurations = (
				416867C41D89913400101D4A /* Debug */,
				416867C51D89913400101D4A /* Release */,
			);
			defaultConfigurationIsVisible = 0;
			defaultConfigurationName = Release;
		};
		416867C61D89913400101D4A /* Build configuration list for PBXNativeTarget "IsshoMeshi" */ = {
			isa = XCConfigurationList;
			buildConfigurations = (
				416867C71D89913400101D4A /* Debug */,
				416867C81D89913400101D4A /* Release */,
			);
			defaultConfigurationIsVisible = 0;
			defaultConfigurationName = Release;
		};
/* End XCConfigurationList section */
	};
	rootObject = 416867AC1D89913400101D4A /* Project object */;
}
