PODS:
  - Alamofire (3.5.0)
  - Hakuba (2.1.1)
  - Kingfisher (2.6.0)
  - Sapporo (1.1)
  - SwiftyJSON (2.3.2)

DEPENDENCIES:
  - Alamofire (= 3.5.0)
  - Hakuba
  - Kingfisher (= 2.6.0)
  - Sapporo
  - SwiftyJSON

SPEC CHECKSUMS:
  Alamofire: b70a7352335f8ea5babd0a923eb7e8eacc67b877
  Hakuba: bc5a0422290d086c33a6424a26dd58c1a1136e94
  Kingfisher: d84c5fd176ea86cc7b8aac65fd55feda6f70f130
  Sapporo: 5c96eb2e3b62828ab390699623d200a66363a973
  SwiftyJSON: 04ccea08915aa0109039157c7974cf0298da292a

PODFILE CHECKSUM: ce3bee0f7a9a89f36ac9e21be8c8f5bebd0faee0

COCOAPODS: 1.0.1
